
Microsoft Visual Studio Solution File, Format Version 12.00
# Visual Studio Version 16
VisualStudioVersion = 16.0.30011.22
MinimumVisualStudioVersion = 10.0.40219.1
Project("{9A19103F-16F7-4668-BE54-9A1E7A4F7556}") = "EdmiTest.Frontend", "EdmiTest.Frontend\EdmiTest.Frontend.csproj", "{BB469C13-48F3-4221-8CCD-A911822B90D7}"
EndProject
Project("{9A19103F-16F7-4668-BE54-9A1E7A4F7556}") = "EdmiTest.Data", "EdmiTest.Data\EdmiTest.Data.csproj", "{F2B47AAE-39BD-433B-BB36-F4AC8663692A}"
EndProject
Project("{9A19103F-16F7-4668-BE54-9A1E7A4F7556}") = "EdmiTest.Services", "EdmiTest.Services\EdmiTest.Services.csproj", "{77ADFAD3-AD84-4B29-ACBF-4BA7AF504645}"
EndProject
Project("{FAE04EC0-301F-11D3-BF4B-00C04F79EFBC}") = "EdmiTest.Tests", "EdmiTest.Tests\EdmiTest.Tests.csproj", "{18C8362B-B994-4364-9D21-7CC3DE67DBC2}"
EndProject
Project("{FAE04EC0-301F-11D3-BF4B-00C04F79EFBC}") = "EdmiTest.ConsoleApp", "EdmiTest.ConsoleApp\EdmiTest.ConsoleApp.csproj", "{B36A7DCE-BF2D-4735-B7F8-EF916A8EBA7C}"
EndProject
Global
	GlobalSection(SolutionConfigurationPlatforms) = preSolution
		Debug|Any CPU = Debug|Any CPU
		Release|Any CPU = Release|Any CPU
	EndGlobalSection
	GlobalSection(ProjectConfigurationPlatforms) = postSolution
		{BB469C13-48F3-4221-8CCD-A911822B90D7}.Debug|Any CPU.ActiveCfg = Debug|Any CPU
		{BB469C13-48F3-4221-8CCD-A911822B90D7}.Debug|Any CPU.Build.0 = Debug|Any CPU
		{BB469C13-48F3-4221-8CCD-A911822B90D7}.Release|Any CPU.ActiveCfg = Release|Any CPU
		{BB469C13-48F3-4221-8CCD-A911822B90D7}.Release|Any CPU.Build.0 = Release|Any CPU
		{F2B47AAE-39BD-433B-BB36-F4AC8663692A}.Debug|Any CPU.ActiveCfg = Debug|Any CPU
		{F2B47AAE-39BD-433B-BB36-F4AC8663692A}.Debug|Any CPU.Build.0 = Debug|Any CPU
		{F2B47AAE-39BD-433B-BB36-F4AC8663692A}.Release|Any CPU.ActiveCfg = Release|Any CPU
		{F2B47AAE-39BD-433B-BB36-F4AC8663692A}.Release|Any CPU.Build.0 = Release|Any CPU
		{77ADFAD3-AD84-4B29-ACBF-4BA7AF504645}.Debug|Any CPU.ActiveCfg = Debug|Any CPU
		{77ADFAD3-AD84-4B29-ACBF-4BA7AF504645}.Debug|Any CPU.Build.0 = Debug|Any CPU
		{77ADFAD3-AD84-4B29-ACBF-4BA7AF504645}.Release|Any CPU.ActiveCfg = Release|Any CPU
		{77ADFAD3-AD84-4B29-ACBF-4BA7AF504645}.Release|Any CPU.Build.0 = Release|Any CPU
		{18C8362B-B994-4364-9D21-7CC3DE67DBC2}.Debug|Any CPU.ActiveCfg = Debug|Any CPU
		{18C8362B-B994-4364-9D21-7CC3DE67DBC2}.Debug|Any CPU.Build.0 = Debug|Any CPU
		{18C8362B-B994-4364-9D21-7CC3DE67DBC2}.Release|Any CPU.ActiveCfg = Release|Any CPU
		{18C8362B-B994-4364-9D21-7CC3DE67DBC2}.Release|Any CPU.Build.0 = Release|Any CPU
		{B36A7DCE-BF2D-4735-B7F8-EF916A8EBA7C}.Debug|Any CPU.ActiveCfg = Debug|Any CPU
		{B36A7DCE-BF2D-4735-B7F8-EF916A8EBA7C}.Debug|Any CPU.Build.0 = Debug|Any CPU
		{B36A7DCE-BF2D-4735-B7F8-EF916A8EBA7C}.Release|Any CPU.ActiveCfg = Release|Any CPU
		{B36A7DCE-BF2D-4735-B7F8-EF916A8EBA7C}.Release|Any CPU.Build.0 = Release|Any CPU
	EndGlobalSection
	GlobalSection(SolutionProperties) = preSolution
		HideSolutionNode = FALSE
	EndGlobalSection
	GlobalSection(ExtensibilityGlobals) = postSolution
		SolutionGuid = {458B5075-32A6-498F-90E6-BB20C7121B20}
	EndGlobalSection
EndGlobal
